{
  "object": {
    "pins": [
      {
        "package": "BabyNet",
        "repositoryURL": "https://github.com/4440449/BabyNet",
        "state": {
          "branch": "master",
          "revision": "6010175c4223c35b82a778725c920e6695ef6fac",
          "version": null
        }
      },
      {
        "package": "BabyTrackerModule",
        "repositoryURL": "https://github.com/4440449/BabyTrackerModule.git",
        "state": {
          "branch": "master",
          "revision": "42cc94da4505a62af2a74789c9136212fd0547e7",
          "version": null
        }
      },
      {
        "package": "CalmingNotificationsModule",
        "repositoryURL": "https://github.com/4440449/CalmingNotificationsModule.git",
        "state": {
          "branch": "master",
          "revision": "3d3ddf5ca9c9a030ca633b52a06a53c3b7e0a018",
          "version": null
        }
      },
      {
        "package": "MommysEye",
        "repositoryURL": "https://github.com/4440449/MommysEye",
        "state": {
          "branch": "master",
          "revision": "a443a7adcbb664061094c5bf4221e8467bf54c54",
          "version": null
        }
      },
      {
        "package": "SamoprikormModule",
        "repositoryURL": "https://github.com/4440449/SamoprikormModule.git",
        "state": {
          "branch": "master",
          "revision": "068b397442116d6e90a731dc58379bb6cb808b41",
          "version": null
        }
      }
    ]
  },
  "version": 1
}
